// !$*UTF8*$!
{
	archiveVersion = 1;
	classes = {
	};
	objectVersion = 56;
	objects = {

/* Begin PBXBuildFile section */
		6661FABF297B159500C299C2 /* AppDelegate.swift in Sources */ = {isa = PBXBuildFile; fileRef = 6661FABE297B159500C299C2 /* AppDelegate.swift */; };
		6661FAC1297B159500C299C2 /* SceneDelegate.swift in Sources */ = {isa = PBXBuildFile; fileRef = 6661FAC0297B159500C299C2 /* SceneDelegate.swift */; };
		6661FAC8297B159700C299C2 /* AppIcon.xcassets in Resources */ = {isa = PBXBuildFile; fileRef = 6661FAC7297B159700C299C2 /* AppIcon.xcassets */; };
		6661FACB297B159700C299C2 /* LaunchScreen.storyboard in Resources */ = {isa = PBXBuildFile; fileRef = 6661FAC9297B159700C299C2 /* LaunchScreen.storyboard */; };
		6661FAD3297B15DB00C299C2 /* UserModel.swift in Sources */ = {isa = PBXBuildFile; fileRef = 6661FAD2297B15DB00C299C2 /* UserModel.swift */; };
		6661FAD7297B166B00C299C2 /* UserViewController.swift in Sources */ = {isa = PBXBuildFile; fileRef = 6661FAD5297B166B00C299C2 /* UserViewController.swift */; };
		6661FAD8297B166B00C299C2 /* UserViewController.xib in Resources */ = {isa = PBXBuildFile; fileRef = 6661FAD6297B166B00C299C2 /* UserViewController.xib */; };
		66742771297C75FD00CB66E2 /* UserViewModel.swift in Sources */ = {isa = PBXBuildFile; fileRef = 66742770297C75FD00CB66E2 /* UserViewModel.swift */; };
		66D47CE4297F0F5E00A6E0FD /* RxCocoa in Frameworks */ = {isa = PBXBuildFile; productRef = 66D47CE3297F0F5E00A6E0FD /* RxCocoa */; };
		66D47CE6297F0F5E00A6E0FD /* RxSwift in Frameworks */ = {isa = PBXBuildFile; productRef = 66D47CE5297F0F5E00A6E0FD /* RxSwift */; };
		66E7B56A297D6B7700552863 /* CodeInputViewController.swift in Sources */ = {isa = PBXBuildFile; fileRef = 66E7B568297D6B7700552863 /* CodeInputViewController.swift */; };
		66E7B56B297D6B7700552863 /* CodeInputViewController.xib in Resources */ = {isa = PBXBuildFile; fileRef = 66E7B569297D6B7700552863 /* CodeInputViewController.xib */; };
		66E7B56D297D6EB200552863 /* CodeInputModel.swift in Sources */ = {isa = PBXBuildFile; fileRef = 66E7B56C297D6EB200552863 /* CodeInputModel.swift */; };
		66E7B56F297D70B500552863 /* CodeInputViewModel.swift in Sources */ = {isa = PBXBuildFile; fileRef = 66E7B56E297D70B500552863 /* CodeInputViewModel.swift */; };
/* End PBXBuildFile section */

/* Begin PBXFileReference section */
		6661FABB297B159500C299C2 /* MVVM.app */ = {isa = PBXFileReference; explicitFileType = wrapper.application; includeInIndex = 0; path = MVVM.app; sourceTree = BUILT_PRODUCTS_DIR; };
		6661FABE297B159500C299C2 /* AppDelegate.swift */ = {isa = PBXFileReference; lastKnownFileType = sourcecode.swift; path = AppDelegate.swift; sourceTree = "<group>"; };
		6661FAC0297B159500C299C2 /* SceneDelegate.swift */ = {isa = PBXFileReference; lastKnownFileType = sourcecode.swift; path = SceneDelegate.swift; sourceTree = "<group>"; };
		6661FAC7297B159700C299C2 /* AppIcon.xcassets */ = {isa = PBXFileReference; lastKnownFileType = folder.assetcatalog; path = AppIcon.xcassets; sourceTree = "<group>"; };
		6661FACA297B159700C299C2 /* Base */ = {isa = PBXFileReference; lastKnownFileType = file.storyboard; name = Base; path = Base.lproj/LaunchScreen.storyboard; sourceTree = "<group>"; };
		6661FACC297B159700C299C2 /* Info.plist */ = {isa = PBXFileReference; lastKnownFileType = text.plist.xml; path = Info.plist; sourceTree = "<group>"; };
		6661FAD2297B15DB00C299C2 /* UserModel.swift */ = {isa = PBXFileReference; lastKnownFileType = sourcecode.swift; path = UserModel.swift; sourceTree = "<group>"; };
		6661FAD5297B166B00C299C2 /* UserViewController.swift */ = {isa = PBXFileReference; lastKnownFileType = sourcecode.swift; path = UserViewController.swift; sourceTree = "<group>"; };
		6661FAD6297B166B00C299C2 /* UserViewController.xib */ = {isa = PBXFileReference; lastKnownFileType = file.xib; path = UserViewController.xib; sourceTree = "<group>"; };
		66742770297C75FD00CB66E2 /* UserViewModel.swift */ = {isa = PBXFileReference; lastKnownFileType = sourcecode.swift; path = UserViewModel.swift; sourceTree = "<group>"; };
		66E7B568297D6B7700552863 /* CodeInputViewController.swift */ = {isa = PBXFileReference; lastKnownFileType = sourcecode.swift; path = CodeInputViewController.swift; sourceTree = "<group>"; };
		66E7B569297D6B7700552863 /* CodeInputViewController.xib */ = {isa = PBXFileReference; lastKnownFileType = file.xib; path = CodeInputViewController.xib; sourceTree = "<group>"; };
		66E7B56C297D6EB200552863 /* CodeInputModel.swift */ = {isa = PBXFileReference; lastKnownFileType = sourcecode.swift; path = CodeInputModel.swift; sourceTree = "<group>"; };
		66E7B56E297D70B500552863 /* CodeInputViewModel.swift */ = {isa = PBXFileReference; lastKnownFileType = sourcecode.swift; path = CodeInputViewModel.swift; sourceTree = "<group>"; };
/* End PBXFileReference section */

/* Begin PBXFrameworksBuildPhase section */
		6661FAB8297B159500C299C2 /* Frameworks */ = {
			isa = PBXFrameworksBuildPhase;
			buildActionMask = 2147483647;
			files = (
				66D47CE6297F0F5E00A6E0FD /* RxSwift in Frameworks */,
				66D47CE4297F0F5E00A6E0FD /* RxCocoa in Frameworks */,
			);
			runOnlyForDeploymentPostprocessing = 0;
		};
/* End PBXFrameworksBuildPhase section */

/* Begin PBXGroup section */
		6661FAB2297B159500C299C2 = {
			isa = PBXGroup;
			children = (
				6661FABD297B159500C299C2 /* MVVM */,
				6661FABC297B159500C299C2 /* Products */,
			);
			sourceTree = "<group>";
		};
		6661FABC297B159500C299C2 /* Products */ = {
			isa = PBXGroup;
			children = (
				6661FABB297B159500C299C2 /* MVVM.app */,
			);
			name = Products;
			sourceTree = "<group>";
		};
		6661FABD297B159500C299C2 /* MVVM */ = {
			isa = PBXGroup;
			children = (
				6661FAD4297B15EB00C299C2 /* Model */,
				6661FAD9297B167400C299C2 /* View */,
				6674276F297C75DE00CB66E2 /* ViewModel */,
				6661FADA297B1AE100C299C2 /* Utilities */,
			);
			path = MVVM;
			sourceTree = "<group>";
		};
		6661FAD4297B15EB00C299C2 /* Model */ = {
			isa = PBXGroup;
			children = (
				6661FAD2297B15DB00C299C2 /* UserModel.swift */,
				66E7B56C297D6EB200552863 /* CodeInputModel.swift */,
			);
			path = Model;
			sourceTree = "<group>";
		};
		6661FAD9297B167400C299C2 /* View */ = {
			isa = PBXGroup;
			children = (
				6661FADB297B1B6F00C299C2 /* User */,
				66E7B567297D6B3500552863 /* CodeInput */,
				6661FADC297B1B7A00C299C2 /* Launch */,
			);
			path = View;
			sourceTree = "<group>";
		};
		6661FADA297B1AE100C299C2 /* Utilities */ = {
			isa = PBXGroup;
			children = (
				6661FABE297B159500C299C2 /* AppDelegate.swift */,
				6661FAC0297B159500C299C2 /* SceneDelegate.swift */,
				6661FAC7297B159700C299C2 /* AppIcon.xcassets */,
				6661FACC297B159700C299C2 /* Info.plist */,
			);
			path = Utilities;
			sourceTree = "<group>";
		};
		6661FADB297B1B6F00C299C2 /* User */ = {
			isa = PBXGroup;
			children = (
				6661FAD5297B166B00C299C2 /* UserViewController.swift */,
				6661FAD6297B166B00C299C2 /* UserViewController.xib */,
			);
			path = User;
			sourceTree = "<group>";
		};
		6661FADC297B1B7A00C299C2 /* Launch */ = {
			isa = PBXGroup;
			children = (
				6661FAC9297B159700C299C2 /* LaunchScreen.storyboard */,
			);
			path = Launch;
			sourceTree = "<group>";
		};
		6674276F297C75DE00CB66E2 /* ViewModel */ = {
			isa = PBXGroup;
			children = (
				66742770297C75FD00CB66E2 /* UserViewModel.swift */,
				66E7B56E297D70B500552863 /* CodeInputViewModel.swift */,
			);
			path = ViewModel;
			sourceTree = "<group>";
		};
		66E7B567297D6B3500552863 /* CodeInput */ = {
			isa = PBXGroup;
			children = (
				66E7B568297D6B7700552863 /* CodeInputViewController.swift */,
				66E7B569297D6B7700552863 /* CodeInputViewController.xib */,
			);
			path = CodeInput;
			sourceTree = "<group>";
		};
/* End PBXGroup section */

/* Begin PBXNativeTarget section */
		6661FABA297B159500C299C2 /* MVVM */ = {
			isa = PBXNativeTarget;
			buildConfigurationList = 6661FACF297B159700C299C2 /* Build configuration list for PBXNativeTarget "MVVM" */;
			buildPhases = (
				6661FAB7297B159500C299C2 /* Sources */,
				6661FAB8297B159500C299C2 /* Frameworks */,
				6661FAB9297B159500C299C2 /* Resources */,
			);
			buildRules = (
			);
			dependencies = (
			);
			name = MVVM;
			packageProductDependencies = (
				66D47CE3297F0F5E00A6E0FD /* RxCocoa */,
				66D47CE5297F0F5E00A6E0FD /* RxSwift */,
			);
			productName = MVVM;
			productReference = 6661FABB297B159500C299C2 /* MVVM.app */;
			productType = "com.apple.product-type.application";
		};
/* End PBXNativeTarget section */

/* Begin PBXProject section */
		6661FAB3297B159500C299C2 /* Project object */ = {
			isa = PBXProject;
			attributes = {
				BuildIndependentTargetsInParallel = 1;
				LastSwiftUpdateCheck = 1420;
				LastUpgradeCheck = 1420;
				ORGANIZATIONNAME = slemeshaev;
				TargetAttributes = {
					6661FABA297B159500C299C2 = {
						CreatedOnToolsVersion = 14.2;
					};
				};
			};
			buildConfigurationList = 6661FAB6297B159500C299C2 /* Build configuration list for PBXProject "MVVM" */;
			compatibilityVersion = "Xcode 14.0";
			developmentRegion = en;
			hasScannedForEncodings = 0;
			knownRegions = (
				en,
				Base,
			);
			mainGroup = 6661FAB2297B159500C299C2;
			packageReferences = (
				66D47CE2297F0F5E00A6E0FD /* XCRemoteSwiftPackageReference "RxSwift" */,
			);
			productRefGroup = 6661FABC297B159500C299C2 /* Products */;
			projectDirPath = "";
			projectRoot = "";
			targets = (
				6661FABA297B159500C299C2 /* MVVM */,
			);
		};
/* End PBXProject section */

/* Begin PBXResourcesBuildPhase section */
		6661FAB9297B159500C299C2 /* Resources */ = {
			isa = PBXResourcesBuildPhase;
			buildActionMask = 2147483647;
			files = (
				6661FACB297B159700C299C2 /* LaunchScreen.storyboard in Resources */,
				6661FAD8297B166B00C299C2 /* UserViewController.xib in Resources */,
				66E7B56B297D6B7700552863 /* CodeInputViewController.xib in Resources */,
				6661FAC8297B159700C299C2 /* AppIcon.xcassets in Resources */,
			);
			runOnlyForDeploymentPostprocessing = 0;
		};
/* End PBXResourcesBuildPhase section */

/* Begin PBXSourcesBuildPhase section */
		6661FAB7297B159500C299C2 /* Sources */ = {
			isa = PBXSourcesBuildPhase;
			buildActionMask = 2147483647;
			files = (
				6661FAD7297B166B00C299C2 /* UserViewController.swift in Sources */,
				6661FABF297B159500C299C2 /* AppDelegate.swift in Sources */,
				66E7B56F297D70B500552863 /* CodeInputViewModel.swift in Sources */,
				66E7B56A297D6B7700552863 /* CodeInputViewController.swift in Sources */,
				6661FAD3297B15DB00C299C2 /* UserModel.swift in Sources */,
				66742771297C75FD00CB66E2 /* UserViewModel.swift in Sources */,
				6661FAC1297B159500C299C2 /* SceneDelegate.swift in Sources */,
				66E7B56D297D6EB200552863 /* CodeInputModel.swift in Sources */,
			);
			runOnlyForDeploymentPostprocessing = 0;
		};
/* End PBXSourcesBuildPhase section */

/* Begin PBXVariantGroup section */
		6661FAC9297B159700C299C2 /* LaunchScreen.storyboard */ = {
			isa = PBXVariantGroup;
			children = (
				6661FACA297B159700C299C2 /* Base */,
			);
			name = LaunchScreen.storyboard;
			sourceTree = "<group>";
		};
/* End PBXVariantGroup section */

/* Begin XCBuildConfiguration section */
		6661FACD297B159700C299C2 /* Debug */ = {
			isa = XCBuildConfiguration;
			buildSettings = {
				ALWAYS_SEARCH_USER_PATHS = NO;
				CLANG_ANALYZER_NONNULL = YES;
				CLANG_ANALYZER_NUMBER_OBJECT_CONVERSION = YES_AGGRESSIVE;
				CLANG_CXX_LANGUAGE_STANDARD = "gnu++20";
				CLANG_ENABLE_MODULES = YES;
				CLANG_ENABLE_OBJC_ARC = YES;
				CLANG_ENABLE_OBJC_WEAK = YES;
				CLANG_WARN_BLOCK_CAPTURE_AUTORELEASING = YES;
				CLANG_WARN_BOOL_CONVERSION = YES;
				CLANG_WARN_COMMA = YES;
				CLANG_WARN_CONSTANT_CONVERSION = YES;
				CLANG_WARN_DEPRECATED_OBJC_IMPLEMENTATIONS = YES;
				CLANG_WARN_DIRECT_OBJC_ISA_USAGE = YES_ERROR;
				CLANG_WARN_DOCUMENTATION_COMMENTS = YES;
				CLANG_WARN_EMPTY_BODY = YES;
				CLANG_WARN_ENUM_CONVERSION = YES;
				CLANG_WARN_INFINITE_RECURSION = YES;
				CLANG_WARN_INT_CONVERSION = YES;
				CLANG_WARN_NON_LITERAL_NULL_CONVERSION = YES;
				CLANG_WARN_OBJC_IMPLICIT_RETAIN_SELF = YES;
				CLANG_WARN_OBJC_LITERAL_CONVERSION = YES;
				CLANG_WARN_OBJC_ROOT_CLASS = YES_ERROR;
				CLANG_WARN_QUOTED_INCLUDE_IN_FRAMEWORK_HEADER = YES;
				CLANG_WARN_RANGE_LOOP_ANALYSIS = YES;
				CLANG_WARN_STRICT_PROTOTYPES = YES;
				CLANG_WARN_SUSPICIOUS_MOVE = YES;
				CLANG_WARN_UNGUARDED_AVAILABILITY = YES_AGGRESSIVE;
				CLANG_WARN_UNREACHABLE_CODE = YES;
				CLANG_WARN__DUPLICATE_METHOD_MATCH = YES;
				COPY_PHASE_STRIP = NO;
				DEBUG_INFORMATION_FORMAT = dwarf;
				ENABLE_STRICT_OBJC_MSGSEND = YES;
				ENABLE_TESTABILITY = YES;
				GCC_C_LANGUAGE_STANDARD = gnu11;
				GCC_DYNAMIC_NO_PIC = NO;
				GCC_NO_COMMON_BLOCKS = YES;
				GCC_OPTIMIZATION_LEVEL = 0;
				GCC_PREPROCESSOR_DEFINITIONS = (
					"DEBUG=1",
					"$(inherited)",
				);
				GCC_WARN_64_TO_32_BIT_CONVERSION = YES;
				GCC_WARN_ABOUT_RETURN_TYPE = YES_ERROR;
				GCC_WARN_UNDECLARED_SELECTOR = YES;
				GCC_WARN_UNINITIALIZED_AUTOS = YES_AGGRESSIVE;
				GCC_WARN_UNUSED_FUNCTION = YES;
				GCC_WARN_UNUSED_VARIABLE = YES;
				INFOPLIST_KEY_NSMainNibFile = "";
				IPHONEOS_DEPLOYMENT_TARGET = 16.0;
				MTL_ENABLE_DEBUG_INFO = INCLUDE_SOURCE;
				MTL_FAST_MATH = YES;
				ONLY_ACTIVE_ARCH = YES;
				SDKROOT = iphoneos;
				SWIFT_ACTIVE_COMPILATION_CONDITIONS = DEBUG;
				SWIFT_OPTIMIZATION_LEVEL = "-Onone";
			};
			name = Debug;
		};
		6661FACE297B159700C299C2 /* Release */ = {
			isa = XCBuildConfiguration;
			buildSettings = {
				ALWAYS_SEARCH_USER_PATHS = NO;
				CLANG_ANALYZER_NONNULL = YES;
				CLANG_ANALYZER_NUMBER_OBJECT_CONVERSION = YES_AGGRESSIVE;
				CLANG_CXX_LANGUAGE_STANDARD = "gnu++20";
				CLANG_ENABLE_MODULES = YES;
				CLANG_ENABLE_OBJC_ARC = YES;
				CLANG_ENABLE_OBJC_WEAK = YES;
				CLANG_WARN_BLOCK_CAPTURE_AUTORELEASING = YES;
				CLANG_WARN_BOOL_CONVERSION = YES;
				CLANG_WARN_COMMA = YES;
				CLANG_WARN_CONSTANT_CONVERSION = YES;
				CLANG_WARN_DEPRECATED_OBJC_IMPLEMENTATIONS = YES;
				CLANG_WARN_DIRECT_OBJC_ISA_USAGE = YES_ERROR;
				CLANG_WARN_DOCUMENTATION_COMMENTS = YES;
				CLANG_WARN_EMPTY_BODY = YES;
				CLANG_WARN_ENUM_CONVERSION = YES;
				CLANG_WARN_INFINITE_RECURSION = YES;
				CLANG_WARN_INT_CONVERSION = YES;
				CLANG_WARN_NON_LITERAL_NULL_CONVERSION = YES;
				CLANG_WARN_OBJC_IMPLICIT_RETAIN_SELF = YES;
				CLANG_WARN_OBJC_LITERAL_CONVERSION = YES;
				CLANG_WARN_OBJC_ROOT_CLASS = YES_ERROR;
				CLANG_WARN_QUOTED_INCLUDE_IN_FRAMEWORK_HEADER = YES;
				CLANG_WARN_RANGE_LOOP_ANALYSIS = YES;
				CLANG_WARN_STRICT_PROTOTYPES = YES;
				CLANG_WARN_SUSPICIOUS_MOVE = YES;
				CLANG_WARN_UNGUARDED_AVAILABILITY = YES_AGGRESSIVE;
				CLANG_WARN_UNREACHABLE_CODE = YES;
				CLANG_WARN__DUPLICATE_METHOD_MATCH = YES;
				COPY_PHASE_STRIP = NO;
				DEBUG_INFORMATION_FORMAT = "dwarf-with-dsym";
				ENABLE_NS_ASSERTIONS = NO;
				ENABLE_STRICT_OBJC_MSGSEND = YES;
				GCC_C_LANGUAGE_STANDARD = gnu11;
				GCC_NO_COMMON_BLOCKS = YES;
				GCC_WARN_64_TO_32_BIT_CONVERSION = YES;
				GCC_WARN_ABOUT_RETURN_TYPE = YES_ERROR;
				GCC_WARN_UNDECLARED_SELECTOR = YES;
				GCC_WARN_UNINITIALIZED_AUTOS = YES_AGGRESSIVE;
				GCC_WARN_UNUSED_FUNCTION = YES;
				GCC_WARN_UNUSED_VARIABLE = YES;
				INFOPLIST_KEY_NSMainNibFile = "";
				IPHONEOS_DEPLOYMENT_TARGET = 16.0;
				MTL_ENABLE_DEBUG_INFO = NO;
				MTL_FAST_MATH = YES;
				SDKROOT = iphoneos;
				SWIFT_COMPILATION_MODE = wholemodule;
				SWIFT_OPTIMIZATION_LEVEL = "-O";
				VALIDATE_PRODUCT = YES;
			};
			name = Release;
		};
		6661FAD0297B159700C299C2 /* Debug */ = {
			isa = XCBuildConfiguration;
			buildSettings = {
				ASSETCATALOG_COMPILER_APPICON_NAME = AppIcon;
				ASSETCATALOG_COMPILER_GLOBAL_ACCENT_COLOR_NAME = AccentColor;
				CODE_SIGN_STYLE = Automatic;
				CURRENT_PROJECT_VERSION = 1;
				DEVELOPMENT_TEAM = 5GWB2H668N;
				GENERATE_INFOPLIST_FILE = YES;
				INFOPLIST_FILE = MVVM/Utilities/Info.plist;
				INFOPLIST_KEY_UIApplicationSupportsIndirectInputEvents = YES;
				INFOPLIST_KEY_UILaunchStoryboardName = LaunchScreen;
				INFOPLIST_KEY_UISupportedInterfaceOrientations_iPad = "UIInterfaceOrientationPortrait UIInterfaceOrientationPortraitUpsideDown UIInterfaceOrientationLandscapeLeft UIInterfaceOrientationLandscapeRight";
				INFOPLIST_KEY_UISupportedInterfaceOrientations_iPhone = "UIInterfaceOrientationPortrait UIInterfaceOrientationLandscapeLeft UIInterfaceOrientationLandscapeRight";
				LD_RUNPATH_SEARCH_PATHS = (
					"$(inherited)",
					"@executable_path/Frameworks",
				);
				MARKETING_VERSION = 1.0;
				PRODUCT_BUNDLE_IDENTIFIER = com.slemeshaev.MVVM;
				PRODUCT_NAME = "$(TARGET_NAME)";
				SWIFT_EMIT_LOC_STRINGS = YES;
				SWIFT_VERSION = 5.0;
				TARGETED_DEVICE_FAMILY = "1,2";
			};
			name = Debug;
		};
		6661FAD1297B159700C299C2 /* Release */ = {
			isa = XCBuildConfiguration;
			buildSettings = {
				ASSETCATALOG_COMPILER_APPICON_NAME = AppIcon;
				ASSETCATALOG_COMPILER_GLOBAL_ACCENT_COLOR_NAME = AccentColor;
				CODE_SIGN_STYLE = Automatic;
				CURRENT_PROJECT_VERSION = 1;
				DEVELOPMENT_TEAM = 5GWB2H668N;
				GENERATE_INFOPLIST_FILE = YES;
				INFOPLIST_FILE = MVVM/Utilities/Info.plist;
				INFOPLIST_KEY_UIApplicationSupportsIndirectInputEvents = YES;
				INFOPLIST_KEY_UILaunchStoryboardName = LaunchScreen;
				INFOPLIST_KEY_UISupportedInterfaceOrientations_iPad = "UIInterfaceOrientationPortrait UIInterfaceOrientationPortraitUpsideDown UIInterfaceOrientationLandscapeLeft UIInterfaceOrientationLandscapeRight";
				INFOPLIST_KEY_UISupportedInterfaceOrientations_iPhone = "UIInterfaceOrientationPortrait UIInterfaceOrientationLandscapeLeft UIInterfaceOrientationLandscapeRight";
				LD_RUNPATH_SEARCH_PATHS = (
					"$(inherited)",
					"@executable_path/Frameworks",
				);
				MARKETING_VERSION = 1.0;
				PRODUCT_BUNDLE_IDENTIFIER = com.slemeshaev.MVVM;
				PRODUCT_NAME = "$(TARGET_NAME)";
				SWIFT_EMIT_LOC_STRINGS = YES;
				SWIFT_VERSION = 5.0;
				TARGETED_DEVICE_FAMILY = "1,2";
			};
			name = Release;
		};
/* End XCBuildConfiguration section */

/* Begin XCConfigurationList section */
		6661FAB6297B159500C299C2 /* Build configuration list for PBXProject "MVVM" */ = {
			isa = XCConfigurationList;
			buildConfigurations = (
				6661FACD297B159700C299C2 /* Debug */,
				6661FACE297B159700C299C2 /* Release */,
			);
			defaultConfigurationIsVisible = 0;
			defaultConfigurationName = Release;
		};
		6661FACF297B159700C299C2 /* Build configuration list for PBXNativeTarget "MVVM" */ = {
			isa = XCConfigurationList;
			buildConfigurations = (
				6661FAD0297B159700C299C2 /* Debug */,
				6661FAD1297B159700C299C2 /* Release */,
			);
			defaultConfigurationIsVisible = 0;
			defaultConfigurationName = Release;
		};
/* End XCConfigurationList section */

/* Begin XCRemoteSwiftPackageReference section */
		66D47CE2297F0F5E00A6E0FD /* XCRemoteSwiftPackageReference "RxSwift" */ = {
			isa = XCRemoteSwiftPackageReference;
			repositoryURL = "https://github.com/ReactiveX/RxSwift.git";
			requirement = {
				kind = exactVersion;
				version = 6.5.0;
			};
		};
/* End XCRemoteSwiftPackageReference section */

/* Begin XCSwiftPackageProductDependency section */
		66D47CE3297F0F5E00A6E0FD /* RxCocoa */ = {
			isa = XCSwiftPackageProductDependency;
			package = 66D47CE2297F0F5E00A6E0FD /* XCRemoteSwiftPackageReference "RxSwift" */;
			productName = RxCocoa;
		};
		66D47CE5297F0F5E00A6E0FD /* RxSwift */ = {
			isa = XCSwiftPackageProductDependency;
			package = 66D47CE2297F0F5E00A6E0FD /* XCRemoteSwiftPackageReference "RxSwift" */;
			productName = RxSwift;
		};
/* End XCSwiftPackageProductDependency section */
	};
	rootObject = 6661FAB3297B159500C299C2 /* Project object */;
}
